
Microsoft Visual Studio Solution File, Format Version 12.00
# Visual Studio Version 16
VisualStudioVersion = 16.0.29905.134
MinimumVisualStudioVersion = 10.0.40219.1
Project("{9A19103F-16F7-4668-BE54-9A1E7A4F7556}") = "CaoLendario", "CaoLendario.csproj", "{72FCCE30-7F1C-425D-A19C-81089BE897C6}"
EndProject
Global
	GlobalSection(SolutionConfigurationPlatforms) = preSolution
		Debug|Any CPU = Debug|Any CPU
		Release|Any CPU = Release|Any CPU
	EndGlobalSection
	GlobalSection(ProjectConfigurationPlatforms) = postSolution
		{72FCCE30-7F1C-425D-A19C-81089BE897C6}.Debug|Any CPU.ActiveCfg = Debug|Any CPU
		{72FCCE30-7F1C-425D-A19C-81089BE897C6}.Debug|Any CPU.Build.0 = Debug|Any CPU
		{72FCCE30-7F1C-425D-A19C-81089BE897C6}.Release|Any CPU.ActiveCfg = Release|Any CPU
		{72FCCE30-7F1C-425D-A19C-81089BE897C6}.Release|Any CPU.Build.0 = Release|Any CPU
	EndGlobalSection
	GlobalSection(SolutionProperties) = preSolution
		HideSolutionNode = FALSE
	EndGlobalSection
	GlobalSection(ExtensibilityGlobals) = postSolution
		SolutionGuid = {C872C5A6-2722-4E65-A1D4-3B07F1ED7216}
	EndGlobalSection
EndGlobal
